// !$*UTF8*$!
{
	archiveVersion = 1;
	classes = {
	};
	objectVersion = 77;
	objects = {

/* Begin PBXBuildFile section */
		F6083DEF2F12C48100E0D3A3 /* WidgetKit.framework in Frameworks */ = {isa = PBXBuildFile; fileRef = F6083DEE2F12C48100E0D3A3 /* WidgetKit.framework */; };
		F6083DF12F12C48100E0D3A3 /* SwiftUI.framework in Frameworks */ = {isa = PBXBuildFile; fileRef = F6083DF02F12C48100E0D3A3 /* SwiftUI.framework */; };
		F6083E022F12C48100E0D3A3 /* TimerWidgetExtensionExtension.appex in Embed Foundation Extensions */ = {isa = PBXBuildFile; fileRef = F6083DEC2F12C48100E0D3A3 /* TimerWidgetExtensionExtension.appex */; settings = {ATTRIBUTES = (RemoveHeadersOnCopy, ); }; };
/* End PBXBuildFile section */

/* Begin PBXContainerItemProxy section */
		F6083E002F12C48100E0D3A3 /* PBXContainerItemProxy */ = {
			isa = PBXContainerItemProxy;
			containerPortal = F6CCDDE92F12B46D00C28CDF /* Project object */;
			proxyType = 1;
			remoteGlobalIDString = F6083DEB2F12C48100E0D3A3;
			remoteInfo = TimerWidgetExtensionExtension;
		};
		F6CCDDFF2F12B46F00C28CDF /* PBXContainerItemProxy */ = {
			isa = PBXContainerItemProxy;
			containerPortal = F6CCDDE92F12B46D00C28CDF /* Project object */;
			proxyType = 1;
			remoteGlobalIDString = F6CCDDF02F12B46D00C28CDF;
			remoteInfo = Timer;
		};
		F6CCDE092F12B46F00C28CDF /* PBXContainerItemProxy */ = {
			isa = PBXContainerItemProxy;
			containerPortal = F6CCDDE92F12B46D00C28CDF /* Project object */;
			proxyType = 1;
			remoteGlobalIDString = F6CCDDF02F12B46D00C28CDF;
			remoteInfo = Timer;
		};
/* End PBXContainerItemProxy section */

/* Begin PBXCopyFilesBuildPhase section */
		F6083E072F12C48100E0D3A3 /* Embed Foundation Extensions */ = {
			isa = PBXCopyFilesBuildPhase;
			buildActionMask = 2147483647;
			dstPath = "";
			dstSubfolderSpec = 13;
			files = (
				F6083E022F12C48100E0D3A3 /* TimerWidgetExtensionExtension.appex in Embed Foundation Extensions */,
			);
			name = "Embed Foundation Extensions";
			runOnlyForDeploymentPostprocessing = 0;
		};
/* End PBXCopyFilesBuildPhase section */

/* Begin PBXFileReference section */
		F6083DEC2F12C48100E0D3A3 /* TimerWidgetExtensionExtension.appex */ = {isa = PBXFileReference; explicitFileType = "wrapper.app-extension"; includeInIndex = 0; path = TimerWidgetExtensionExtension.appex; sourceTree = BUILT_PRODUCTS_DIR; };
		F6083DEE2F12C48100E0D3A3 /* WidgetKit.framework */ = {isa = PBXFileReference; lastKnownFileType = wrapper.framework; name = WidgetKit.framework; path = System/Library/Frameworks/WidgetKit.framework; sourceTree = SDKROOT; };
		F6083DF02F12C48100E0D3A3 /* SwiftUI.framework */ = {isa = PBXFileReference; lastKnownFileType = wrapper.framework; name = SwiftUI.framework; path = System/Library/Frameworks/SwiftUI.framework; sourceTree = SDKROOT; };
		F6CCDDF12F12B46D00C28CDF /* Timer.app */ = {isa = PBXFileReference; explicitFileType = wrapper.application; includeInIndex = 0; path = Timer.app; sourceTree = BUILT_PRODUCTS_DIR; };
		F6CCDDFE2F12B46F00C28CDF /* TimerTests.xctest */ = {isa = PBXFileReference; explicitFileType = wrapper.cfbundle; includeInIndex = 0; path = TimerTests.xctest; sourceTree = BUILT_PRODUCTS_DIR; };
		F6CCDE082F12B46F00C28CDF /* TimerUITests.xctest */ = {isa = PBXFileReference; explicitFileType = wrapper.cfbundle; includeInIndex = 0; path = TimerUITests.xctest; sourceTree = BUILT_PRODUCTS_DIR; };
/* End PBXFileReference section */

/* Begin PBXFileSystemSynchronizedBuildFileExceptionSet section */
		F6083E032F12C48100E0D3A3 /* Exceptions for "TimerWidgetExtension" folder in "TimerWidgetExtensionExtension" target */ = {
			isa = PBXFileSystemSynchronizedBuildFileExceptionSet;
			membershipExceptions = (
				Info.plist,
			);
			target = F6083DEB2F12C48100E0D3A3 /* TimerWidgetExtensionExtension */;
		};
		F6083E0D2F12C4F600E0D3A3 /* Exceptions for "Timer" folder in "TimerWidgetExtensionExtension" target */ = {
			isa = PBXFileSystemSynchronizedBuildFileExceptionSet;
			membershipExceptions = (
				Models/BoxingTimerActivityAttributes.swift,
			);
			target = F6083DEB2F12C48100E0D3A3 /* TimerWidgetExtensionExtension */;
		};
		F6083E0F2F12C67D00E0D3A3 /* Exceptions for "Timer" folder in "Timer" target */ = {
			isa = PBXFileSystemSynchronizedBuildFileExceptionSet;
			membershipExceptions = (
				Info.plist,
			);
			target = F6CCDDF02F12B46D00C28CDF /* Timer */;
		};
/* End PBXFileSystemSynchronizedBuildFileExceptionSet section */

/* Begin PBXFileSystemSynchronizedRootGroup section */
		F6083DF22F12C48100E0D3A3 /* TimerWidgetExtension */ = {
			isa = PBXFileSystemSynchronizedRootGroup;
			exceptions = (
				F6083E032F12C48100E0D3A3 /* Exceptions for "TimerWidgetExtension" folder in "TimerWidgetExtensionExtension" target */,
			);
			path = TimerWidgetExtension;
			sourceTree = "<group>";
		};
		F6CCDDF32F12B46D00C28CDF /* Timer */ = {
			isa = PBXFileSystemSynchronizedRootGroup;
			exceptions = (
				F6083E0F2F12C67D00E0D3A3 /* Exceptions for "Timer" folder in "Timer" target */,
				F6083E0D2F12C4F600E0D3A3 /* Exceptions for "Timer" folder in "TimerWidgetExtensionExtension" target */,
			);
			path = Timer;
			sourceTree = "<group>";
		};
		F6CCDE012F12B46F00C28CDF /* TimerTests */ = {
			isa = PBXFileSystemSynchronizedRootGroup;
			path = TimerTests;
			sourceTree = "<group>";
		};
		F6CCDE0B2F12B46F00C28CDF /* TimerUITests */ = {
			isa = PBXFileSystemSynchronizedRootGroup;
			path = TimerUITests;
			sourceTree = "<group>";
		};
/* End PBXFileSystemSynchronizedRootGroup section */

/* Begin PBXFrameworksBuildPhase section */
		F6083DE92F12C48100E0D3A3 /* Frameworks */ = {
			isa = PBXFrameworksBuildPhase;
			buildActionMask = 2147483647;
			files = (
				F6083DF12F12C48100E0D3A3 /* SwiftUI.framework in Frameworks */,
				F6083DEF2F12C48100E0D3A3 /* WidgetKit.framework in Frameworks */,
			);
			runOnlyForDeploymentPostprocessing = 0;
		};
		F6CCDDEE2F12B46D00C28CDF /* Frameworks */ = {
			isa = PBXFrameworksBuildPhase;
			buildActionMask = 2147483647;
			files = (
			);
			runOnlyForDeploymentPostprocessing = 0;
		};
		F6CCDDFB2F12B46F00C28CDF /* Frameworks */ = {
			isa = PBXFrameworksBuildPhase;
			buildActionMask = 2147483647;
			files = (
			);
			runOnlyForDeploymentPostprocessing = 0;
		};
		F6CCDE052F12B46F00C28CDF /* Frameworks */ = {
			isa = PBXFrameworksBuildPhase;
			buildActionMask = 2147483647;
			files = (
			);
			runOnlyForDeploymentPostprocessing = 0;
		};
/* End PBXFrameworksBuildPhase section */

/* Begin PBXGroup section */
		F6083DED2F12C48100E0D3A3 /* Frameworks */ = {
			isa = PBXGroup;
			children = (
				F6083DEE2F12C48100E0D3A3 /* WidgetKit.framework */,
				F6083DF02F12C48100E0D3A3 /* SwiftUI.framework */,
			);
			name = Frameworks;
			sourceTree = "<group>";
		};
		F6CCDDE82F12B46D00C28CDF = {
			isa = PBXGroup;
			children = (
				F6CCDDF32F12B46D00C28CDF /* Timer */,
				F6CCDE012F12B46F00C28CDF /* TimerTests */,
				F6CCDE0B2F12B46F00C28CDF /* TimerUITests */,
				F6083DF22F12C48100E0D3A3 /* TimerWidgetExtension */,
				F6083DED2F12C48100E0D3A3 /* Frameworks */,
				F6CCDDF22F12B46D00C28CDF /* Products */,
			);
			sourceTree = "<group>";
		};
		F6CCDDF22F12B46D00C28CDF /* Products */ = {
			isa = PBXGroup;
			children = (
				F6CCDDF12F12B46D00C28CDF /* Timer.app */,
				F6CCDDFE2F12B46F00C28CDF /* TimerTests.xctest */,
				F6CCDE082F12B46F00C28CDF /* TimerUITests.xctest */,
				F6083DEC2F12C48100E0D3A3 /* TimerWidgetExtensionExtension.appex */,
			);
			name = Products;
			sourceTree = "<group>";
		};
/* End PBXGroup section */

/* Begin PBXNativeTarget section */
		F6083DEB2F12C48100E0D3A3 /* TimerWidgetExtensionExtension */ = {
			isa = PBXNativeTarget;
			buildConfigurationList = F6083E042F12C48100E0D3A3 /* Build configuration list for PBXNativeTarget "TimerWidgetExtensionExtension" */;
			buildPhases = (
				F6083DE82F12C48100E0D3A3 /* Sources */,
				F6083DE92F12C48100E0D3A3 /* Frameworks */,
				F6083DEA2F12C48100E0D3A3 /* Resources */,
			);
			buildRules = (
			);
			dependencies = (
			);
			fileSystemSynchronizedGroups = (
				F6083DF22F12C48100E0D3A3 /* TimerWidgetExtension */,
			);
			name = TimerWidgetExtensionExtension;
			packageProductDependencies = (
			);
			productName = TimerWidgetExtensionExtension;
			productReference = F6083DEC2F12C48100E0D3A3 /* TimerWidgetExtensionExtension.appex */;
			productType = "com.apple.product-type.app-extension";
		};
		F6CCDDF02F12B46D00C28CDF /* Timer */ = {
			isa = PBXNativeTarget;
			buildConfigurationList = F6CCDE122F12B46F00C28CDF /* Build configuration list for PBXNativeTarget "Timer" */;
			buildPhases = (
				F6CCDDED2F12B46D00C28CDF /* Sources */,
				F6CCDDEE2F12B46D00C28CDF /* Frameworks */,
				F6CCDDEF2F12B46D00C28CDF /* Resources */,
				F6083E072F12C48100E0D3A3 /* Embed Foundation Extensions */,
			);
			buildRules = (
			);
			dependencies = (
				F6083E012F12C48100E0D3A3 /* PBXTargetDependency */,
			);
			fileSystemSynchronizedGroups = (
				F6CCDDF32F12B46D00C28CDF /* Timer */,
			);
			name = Timer;
			packageProductDependencies = (
			);
			productName = Timer;
			productReference = F6CCDDF12F12B46D00C28CDF /* Timer.app */;
			productType = "com.apple.product-type.application";
		};
		F6CCDDFD2F12B46F00C28CDF /* TimerTests */ = {
			isa = PBXNativeTarget;
			buildConfigurationList = F6CCDE152F12B46F00C28CDF /* Build configuration list for PBXNativeTarget "TimerTests" */;
			buildPhases = (
				F6CCDDFA2F12B46F00C28CDF /* Sources */,
				F6CCDDFB2F12B46F00C28CDF /* Frameworks */,
				F6CCDDFC2F12B46F00C28CDF /* Resources */,
			);
			buildRules = (
			);
			dependencies = (
				F6CCDE002F12B46F00C28CDF /* PBXTargetDependency */,
			);
			fileSystemSynchronizedGroups = (
				F6CCDE012F12B46F00C28CDF /* TimerTests */,
			);
			name = TimerTests;
			packageProductDependencies = (
			);
			productName = TimerTests;
			productReference = F6CCDDFE2F12B46F00C28CDF /* TimerTests.xctest */;
			productType = "com.apple.product-type.bundle.unit-test";
		};
		F6CCDE072F12B46F00C28CDF /* TimerUITests */ = {
			isa = PBXNativeTarget;
			buildConfigurationList = F6CCDE182F12B46F00C28CDF /* Build configuration list for PBXNativeTarget "TimerUITests" */;
			buildPhases = (
				F6CCDE042F12B46F00C28CDF /* Sources */,
				F6CCDE052F12B46F00C28CDF /* Frameworks */,
				F6CCDE062F12B46F00C28CDF /* Resources */,
			);
			buildRules = (
			);
			dependencies = (
				F6CCDE0A2F12B46F00C28CDF /* PBXTargetDependency */,
			);
			fileSystemSynchronizedGroups = (
				F6CCDE0B2F12B46F00C28CDF /* TimerUITests */,
			);
			name = TimerUITests;
			packageProductDependencies = (
			);
			productName = TimerUITests;
			productReference = F6CCDE082F12B46F00C28CDF /* TimerUITests.xctest */;
			productType = "com.apple.product-type.bundle.ui-testing";
		};
/* End PBXNativeTarget section */

/* Begin PBXProject section */
		F6CCDDE92F12B46D00C28CDF /* Project object */ = {
			isa = PBXProject;
			attributes = {
				BuildIndependentTargetsInParallel = 1;
				LastSwiftUpdateCheck = 2600;
				LastUpgradeCheck = 2600;
				TargetAttributes = {
					F6083DEB2F12C48100E0D3A3 = {
						CreatedOnToolsVersion = 26.0.1;
					};
					F6CCDDF02F12B46D00C28CDF = {
						CreatedOnToolsVersion = 26.0.1;
					};
					F6CCDDFD2F12B46F00C28CDF = {
						CreatedOnToolsVersion = 26.0.1;
						TestTargetID = F6CCDDF02F12B46D00C28CDF;
					};
					F6CCDE072F12B46F00C28CDF = {
						CreatedOnToolsVersion = 26.0.1;
						TestTargetID = F6CCDDF02F12B46D00C28CDF;
					};
				};
			};
			buildConfigurationList = F6CCDDEC2F12B46D00C28CDF /* Build configuration list for PBXProject "Timer" */;
			developmentRegion = en;
			hasScannedForEncodings = 0;
			knownRegions = (
				en,
				Base,
			);
			mainGroup = F6CCDDE82F12B46D00C28CDF;
			minimizedProjectReferenceProxies = 1;
			preferredProjectObjectVersion = 77;
			productRefGroup = F6CCDDF22F12B46D00C28CDF /* Products */;
			projectDirPath = "";
			projectRoot = "";
			targets = (
				F6CCDDF02F12B46D00C28CDF /* Timer */,
				F6CCDDFD2F12B46F00C28CDF /* TimerTests */,
				F6CCDE072F12B46F00C28CDF /* TimerUITests */,
				F6083DEB2F12C48100E0D3A3 /* TimerWidgetExtensionExtension */,
			);
		};
/* End PBXProject section */

/* Begin PBXResourcesBuildPhase section */
		F6083DEA2F12C48100E0D3A3 /* Resources */ = {
			isa = PBXResourcesBuildPhase;
			buildActionMask = 2147483647;
			files = (
			);
			runOnlyForDeploymentPostprocessing = 0;
		};
		F6CCDDEF2F12B46D00C28CDF /* Resources */ = {
			isa = PBXResourcesBuildPhase;
			buildActionMask = 2147483647;
			files = (
			);
			runOnlyForDeploymentPostprocessing = 0;
		};
		F6CCDDFC2F12B46F00C28CDF /* Resources */ = {
			isa = PBXResourcesBuildPhase;
			buildActionMask = 2147483647;
			files = (
			);
			runOnlyForDeploymentPostprocessing = 0;
		};
		F6CCDE062F12B46F00C28CDF /* Resources */ = {
			isa = PBXResourcesBuildPhase;
			buildActionMask = 2147483647;
			files = (
			);
			runOnlyForDeploymentPostprocessing = 0;
		};
/* End PBXResourcesBuildPhase section */

/* Begin PBXSourcesBuildPhase section */
		F6083DE82F12C48100E0D3A3 /* Sources */ = {
			isa = PBXSourcesBuildPhase;
			buildActionMask = 2147483647;
			files = (
			);
			runOnlyForDeploymentPostprocessing = 0;
		};
		F6CCDDED2F12B46D00C28CDF /* Sources */ = {
			isa = PBXSourcesBuildPhase;
			buildActionMask = 2147483647;
			files = (
			);
			runOnlyForDeploymentPostprocessing = 0;
		};
		F6CCDDFA2F12B46F00C28CDF /* Sources */ = {
			isa = PBXSourcesBuildPhase;
			buildActionMask = 2147483647;
			files = (
			);
			runOnlyForDeploymentPostprocessing = 0;
		};
		F6CCDE042F12B46F00C28CDF /* Sources */ = {
			isa = PBXSourcesBuildPhase;
			buildActionMask = 2147483647;
			files = (
			);
			runOnlyForDeploymentPostprocessing = 0;
		};
/* End PBXSourcesBuildPhase section */

/* Begin PBXTargetDependency section */
		F6083E012F12C48100E0D3A3 /* PBXTargetDependency */ = {
			isa = PBXTargetDependency;
			target = F6083DEB2F12C48100E0D3A3 /* TimerWidgetExtensionExtension */;
			targetProxy = F6083E002F12C48100E0D3A3 /* PBXContainerItemProxy */;
		};
		F6CCDE002F12B46F00C28CDF /* PBXTargetDependency */ = {
			isa = PBXTargetDependency;
			target = F6CCDDF02F12B46D00C28CDF /* Timer */;
			targetProxy = F6CCDDFF2F12B46F00C28CDF /* PBXContainerItemProxy */;
		};
		F6CCDE0A2F12B46F00C28CDF /* PBXTargetDependency */ = {
			isa = PBXTargetDependency;
			target = F6CCDDF02F12B46D00C28CDF /* Timer */;
			targetProxy = F6CCDE092F12B46F00C28CDF /* PBXContainerItemProxy */;
		};
/* End PBXTargetDependency section */

/* Begin XCBuildConfiguration section */
		F6083E052F12C48100E0D3A3 /* Debug */ = {
			isa = XCBuildConfiguration;
			buildSettings = {
				ASSETCATALOG_COMPILER_GLOBAL_ACCENT_COLOR_NAME = AccentColor;
				ASSETCATALOG_COMPILER_WIDGET_BACKGROUND_COLOR_NAME = WidgetBackground;
				CODE_SIGN_STYLE = Automatic;
				CURRENT_PROJECT_VERSION = 1;
				DEVELOPMENT_TEAM = A49CP4XTLE;
				GENERATE_INFOPLIST_FILE = YES;
				INFOPLIST_FILE = TimerWidgetExtension/Info.plist;
				INFOPLIST_KEY_CFBundleDisplayName = TimerWidgetExtension;
				INFOPLIST_KEY_NSHumanReadableCopyright = "";
				LD_RUNPATH_SEARCH_PATHS = (
					"$(inherited)",
					"@executable_path/Frameworks",
					"@executable_path/../../Frameworks",
				);
				MARKETING_VERSION = 1.0;
				PRODUCT_BUNDLE_IDENTIFIER = dondev.Timer.TimerWidgetExtension;
				PRODUCT_NAME = "$(TARGET_NAME)";
				SKIP_INSTALL = YES;
				STRING_CATALOG_GENERATE_SYMBOLS = YES;
				SWIFT_APPROACHABLE_CONCURRENCY = YES;
				SWIFT_EMIT_LOC_STRINGS = YES;
				SWIFT_UPCOMING_FEATURE_MEMBER_IMPORT_VISIBILITY = YES;
				SWIFT_VERSION = 5.0;
				TARGETED_DEVICE_FAMILY = "1,2";
			};
			name = Debug;
		};
		F6083E062F12C48100E0D3A3 /* Release */ = {
			isa = XCBuildConfiguration;
			buildSettings = {
				ASSETCATALOG_COMPILER_GLOBAL_ACCENT_COLOR_NAME = AccentColor;
				ASSETCATALOG_COMPILER_WIDGET_BACKGROUND_COLOR_NAME = WidgetBackground;
				CODE_SIGN_STYLE = Automatic;
				CURRENT_PROJECT_VERSION = 1;
				DEVELOPMENT_TEAM = A49CP4XTLE;
				GENERATE_INFOPLIST_FILE = YES;
				INFOPLIST_FILE = TimerWidgetExtension/Info.plist;
				INFOPLIST_KEY_CFBundleDisplayName = TimerWidgetExtension;
				INFOPLIST_KEY_NSHumanReadableCopyright = "";
				LD_RUNPATH_SEARCH_PATHS = (
					"$(inherited)",
					"@executable_path/Frameworks",
					"@executable_path/../../Frameworks",
				);
				MARKETING_VERSION = 1.0;
				PRODUCT_BUNDLE_IDENTIFIER = dondev.Timer.TimerWidgetExtension;
				PRODUCT_NAME = "$(TARGET_NAME)";
				SKIP_INSTALL = YES;
				STRING_CATALOG_GENERATE_SYMBOLS = YES;
				SWIFT_APPROACHABLE_CONCURRENCY = YES;
				SWIFT_EMIT_LOC_STRINGS = YES;
				SWIFT_UPCOMING_FEATURE_MEMBER_IMPORT_VISIBILITY = YES;
				SWIFT_VERSION = 5.0;
				TARGETED_DEVICE_FAMILY = "1,2";
			};
			name = Release;
		};
		F6CCDE102F12B46F00C28CDF /* Debug */ = {
			isa = XCBuildConfiguration;
			buildSettings = {
				ALWAYS_SEARCH_USER_PATHS = NO;
				ASSETCATALOG_COMPILER_GENERATE_SWIFT_ASSET_SYMBOL_EXTENSIONS = YES;
				CLANG_ANALYZER_NONNULL = YES;
				CLANG_ANALYZER_NUMBER_OBJECT_CONVERSION = YES_AGGRESSIVE;
				CLANG_CXX_LANGUAGE_STANDARD = "gnu++20";
				CLANG_ENABLE_MODULES = YES;
				CLANG_ENABLE_OBJC_ARC = YES;
				CLANG_ENABLE_OBJC_WEAK = YES;
				CLANG_WARN_BLOCK_CAPTURE_AUTORELEASING = YES;
				CLANG_WARN_BOOL_CONVERSION = YES;
				CLANG_WARN_COMMA = YES;
				CLANG_WARN_CONSTANT_CONVERSION = YES;
				CLANG_WARN_DEPRECATED_OBJC_IMPLEMENTATIONS = YES;
				CLANG_WARN_DIRECT_OBJC_ISA_USAGE = YES_ERROR;
				CLANG_WARN_DOCUMENTATION_COMMENTS = YES;
				CLANG_WARN_EMPTY_BODY = YES;
				CLANG_WARN_ENUM_CONVERSION = YES;
				CLANG_WARN_INFINITE_RECURSION = YES;
				CLANG_WARN_INT_CONVERSION = YES;
				CLANG_WARN_NON_LITERAL_NULL_CONVERSION = YES;
				CLANG_WARN_OBJC_IMPLICIT_RETAIN_SELF = YES;
				CLANG_WARN_OBJC_LITERAL_CONVERSION = YES;
				CLANG_WARN_OBJC_ROOT_CLASS = YES_ERROR;
				CLANG_WARN_QUOTED_INCLUDE_IN_FRAMEWORK_HEADER = YES;
				CLANG_WARN_RANGE_LOOP_ANALYSIS = YES;
				CLANG_WARN_STRICT_PROTOTYPES = YES;
				CLANG_WARN_SUSPICIOUS_MOVE = YES;
				CLANG_WARN_UNGUARDED_AVAILABILITY = YES_AGGRESSIVE;
				CLANG_WARN_UNREACHABLE_CODE = YES;
				CLANG_WARN__DUPLICATE_METHOD_MATCH = YES;
				COPY_PHASE_STRIP = NO;
				DEBUG_INFORMATION_FORMAT = dwarf;
				DEVELOPMENT_TEAM = A49CP4XTLE;
				ENABLE_STRICT_OBJC_MSGSEND = YES;
				ENABLE_TESTABILITY = YES;
				ENABLE_USER_SCRIPT_SANDBOXING = YES;
				GCC_C_LANGUAGE_STANDARD = gnu17;
				GCC_DYNAMIC_NO_PIC = NO;
				GCC_NO_COMMON_BLOCKS = YES;
				GCC_OPTIMIZATION_LEVEL = 0;
				GCC_PREPROCESSOR_DEFINITIONS = (
					"DEBUG=1",
					"$(inherited)",
				);
				GCC_WARN_64_TO_32_BIT_CONVERSION = YES;
				GCC_WARN_ABOUT_RETURN_TYPE = YES_ERROR;
				GCC_WARN_UNDECLARED_SELECTOR = YES;
				GCC_WARN_UNINITIALIZED_AUTOS = YES_AGGRESSIVE;
				GCC_WARN_UNUSED_FUNCTION = YES;
				GCC_WARN_UNUSED_VARIABLE = YES;
				IPHONEOS_DEPLOYMENT_TARGET = 26.0;
				LOCALIZATION_PREFERS_STRING_CATALOGS = YES;
				MTL_ENABLE_DEBUG_INFO = INCLUDE_SOURCE;
				MTL_FAST_MATH = YES;
				ONLY_ACTIVE_ARCH = YES;
				SDKROOT = iphoneos;
				SWIFT_ACTIVE_COMPILATION_CONDITIONS = "DEBUG $(inherited)";
				SWIFT_OPTIMIZATION_LEVEL = "-Onone";
			};
			name = Debug;
		};
		F6CCDE112F12B46F00C28CDF /* Release */ = {
			isa = XCBuildConfiguration;
			buildSettings = {
				ALWAYS_SEARCH_USER_PATHS = NO;
				ASSETCATALOG_COMPILER_GENERATE_SWIFT_ASSET_SYMBOL_EXTENSIONS = YES;
				CLANG_ANALYZER_NONNULL = YES;
				CLANG_ANALYZER_NUMBER_OBJECT_CONVERSION = YES_AGGRESSIVE;
				CLANG_CXX_LANGUAGE_STANDARD = "gnu++20";
				CLANG_ENABLE_MODULES = YES;
				CLANG_ENABLE_OBJC_ARC = YES;
				CLANG_ENABLE_OBJC_WEAK = YES;
				CLANG_WARN_BLOCK_CAPTURE_AUTORELEASING = YES;
				CLANG_WARN_BOOL_CONVERSION = YES;
				CLANG_WARN_COMMA = YES;
				CLANG_WARN_CONSTANT_CONVERSION = YES;
				CLANG_WARN_DEPRECATED_OBJC_IMPLEMENTATIONS = YES;
				CLANG_WARN_DIRECT_OBJC_ISA_USAGE = YES_ERROR;
				CLANG_WARN_DOCUMENTATION_COMMENTS = YES;
				CLANG_WARN_EMPTY_BODY = YES;
				CLANG_WARN_ENUM_CONVERSION = YES;
				CLANG_WARN_INFINITE_RECURSION = YES;
				CLANG_WARN_INT_CONVERSION = YES;
				CLANG_WARN_NON_LITERAL_NULL_CONVERSION = YES;
				CLANG_WARN_OBJC_IMPLICIT_RETAIN_SELF = YES;
				CLANG_WARN_OBJC_LITERAL_CONVERSION = YES;
				CLANG_WARN_OBJC_ROOT_CLASS = YES_ERROR;
				CLANG_WARN_QUOTED_INCLUDE_IN_FRAMEWORK_HEADER = YES;
				CLANG_WARN_RANGE_LOOP_ANALYSIS = YES;
				CLANG_WARN_STRICT_PROTOTYPES = YES;
				CLANG_WARN_SUSPICIOUS_MOVE = YES;
				CLANG_WARN_UNGUARDED_AVAILABILITY = YES_AGGRESSIVE;
				CLANG_WARN_UNREACHABLE_CODE = YES;
				CLANG_WARN__DUPLICATE_METHOD_MATCH = YES;
				COPY_PHASE_STRIP = NO;
				DEBUG_INFORMATION_FORMAT = "dwarf-with-dsym";
				DEVELOPMENT_TEAM = A49CP4XTLE;
				ENABLE_NS_ASSERTIONS = NO;
				ENABLE_STRICT_OBJC_MSGSEND = YES;
				ENABLE_USER_SCRIPT_SANDBOXING = YES;
				GCC_C_LANGUAGE_STANDARD = gnu17;
				GCC_NO_COMMON_BLOCKS = YES;
				GCC_WARN_64_TO_32_BIT_CONVERSION = YES;
				GCC_WARN_ABOUT_RETURN_TYPE = YES_ERROR;
				GCC_WARN_UNDECLARED_SELECTOR = YES;
				GCC_WARN_UNINITIALIZED_AUTOS = YES_AGGRESSIVE;
				GCC_WARN_UNUSED_FUNCTION = YES;
				GCC_WARN_UNUSED_VARIABLE = YES;
				IPHONEOS_DEPLOYMENT_TARGET = 26.0;
				LOCALIZATION_PREFERS_STRING_CATALOGS = YES;
				MTL_ENABLE_DEBUG_INFO = NO;
				MTL_FAST_MATH = YES;
				SDKROOT = iphoneos;
				SWIFT_COMPILATION_MODE = wholemodule;
				VALIDATE_PRODUCT = YES;
			};
			name = Release;
		};
		F6CCDE132F12B46F00C28CDF /* Debug */ = {
			isa = XCBuildConfiguration;
			buildSettings = {
				ASSETCATALOG_COMPILER_APPICON_NAME = AppIcon;
				ASSETCATALOG_COMPILER_GLOBAL_ACCENT_COLOR_NAME = AccentColor;
				CODE_SIGN_STYLE = Automatic;
				CURRENT_PROJECT_VERSION = 1;
				DEVELOPMENT_TEAM = A49CP4XTLE;
				ENABLE_PREVIEWS = YES;
				GENERATE_INFOPLIST_FILE = YES;
				INFOPLIST_FILE = Timer/Info.plist;
				INFOPLIST_KEY_NSSupportsLiveActivities = YES;
				INFOPLIST_KEY_UIApplicationSceneManifest_Generation = YES;
				INFOPLIST_KEY_UIApplicationSupportsIndirectInputEvents = YES;
				INFOPLIST_KEY_UILaunchScreen_Generation = YES;
				INFOPLIST_KEY_UISupportedInterfaceOrientations_iPad = "UIInterfaceOrientationPortrait UIInterfaceOrientationPortraitUpsideDown UIInterfaceOrientationLandscapeLeft UIInterfaceOrientationLandscapeRight";
				INFOPLIST_KEY_UISupportedInterfaceOrientations_iPhone = "UIInterfaceOrientationPortrait UIInterfaceOrientationLandscapeLeft UIInterfaceOrientationLandscapeRight";
				LD_RUNPATH_SEARCH_PATHS = (
					"$(inherited)",
					"@executable_path/Frameworks",
				);
				MARKETING_VERSION = 1.0;
				PRODUCT_BUNDLE_IDENTIFIER = dondev.Timer;
				PRODUCT_NAME = "$(TARGET_NAME)";
				STRING_CATALOG_GENERATE_SYMBOLS = YES;
				SWIFT_APPROACHABLE_CONCURRENCY = YES;
				SWIFT_DEFAULT_ACTOR_ISOLATION = MainActor;
				SWIFT_EMIT_LOC_STRINGS = YES;
				SWIFT_UPCOMING_FEATURE_MEMBER_IMPORT_VISIBILITY = YES;
				SWIFT_VERSION = 5.0;
				TARGETED_DEVICE_FAMILY = "1,2";
			};
			name = Debug;
		};
		F6CCDE142F12B46F00C28CDF /* Release */ = {
			isa = XCBuildConfiguration;
			buildSettings = {
				ASSETCATALOG_COMPILER_APPICON_NAME = AppIcon;
				ASSETCATALOG_COMPILER_GLOBAL_ACCENT_COLOR_NAME = AccentColor;
				CODE_SIGN_STYLE = Automatic;
				CURRENT_PROJECT_VERSION = 1;
				DEVELOPMENT_TEAM = A49CP4XTLE;
				ENABLE_PREVIEWS = YES;
				GENERATE_INFOPLIST_FILE = YES;
				INFOPLIST_FILE = Timer/Info.plist;
				INFOPLIST_KEY_NSSupportsLiveActivities = YES;
				INFOPLIST_KEY_UIApplicationSceneManifest_Generation = YES;
				INFOPLIST_KEY_UIApplicationSupportsIndirectInputEvents = YES;
				INFOPLIST_KEY_UILaunchScreen_Generation = YES;
				INFOPLIST_KEY_UISupportedInterfaceOrientations_iPad = "UIInterfaceOrientationPortrait UIInterfaceOrientationPortraitUpsideDown UIInterfaceOrientationLandscapeLeft UIInterfaceOrientationLandscapeRight";
				INFOPLIST_KEY_UISupportedInterfaceOrientations_iPhone = "UIInterfaceOrientationPortrait UIInterfaceOrientationLandscapeLeft UIInterfaceOrientationLandscapeRight";
				LD_RUNPATH_SEARCH_PATHS = (
					"$(inherited)",
					"@executable_path/Frameworks",
				);
				MARKETING_VERSION = 1.0;
				PRODUCT_BUNDLE_IDENTIFIER = dondev.Timer;
				PRODUCT_NAME = "$(TARGET_NAME)";
				STRING_CATALOG_GENERATE_SYMBOLS = YES;
				SWIFT_APPROACHABLE_CONCURRENCY = YES;
				SWIFT_DEFAULT_ACTOR_ISOLATION = MainActor;
				SWIFT_EMIT_LOC_STRINGS = YES;
				SWIFT_UPCOMING_FEATURE_MEMBER_IMPORT_VISIBILITY = YES;
				SWIFT_VERSION = 5.0;
				TARGETED_DEVICE_FAMILY = "1,2";
			};
			name = Release;
		};
		F6CCDE162F12B46F00C28CDF /* Debug */ = {
			isa = XCBuildConfiguration;
			buildSettings = {
				BUNDLE_LOADER = "$(TEST_HOST)";
				CODE_SIGN_STYLE = Automatic;
				CURRENT_PROJECT_VERSION = 1;
				DEVELOPMENT_TEAM = A49CP4XTLE;
				GENERATE_INFOPLIST_FILE = YES;
				IPHONEOS_DEPLOYMENT_TARGET = 26.0;
				MARKETING_VERSION = 1.0;
				PRODUCT_BUNDLE_IDENTIFIER = dondev.TimerTests;
				PRODUCT_NAME = "$(TARGET_NAME)";
				STRING_CATALOG_GENERATE_SYMBOLS = NO;
				SWIFT_APPROACHABLE_CONCURRENCY = YES;
				SWIFT_EMIT_LOC_STRINGS = NO;
				SWIFT_UPCOMING_FEATURE_MEMBER_IMPORT_VISIBILITY = YES;
				SWIFT_VERSION = 5.0;
				TARGETED_DEVICE_FAMILY = "1,2";
				TEST_HOST = "$(BUILT_PRODUCTS_DIR)/Timer.app/$(BUNDLE_EXECUTABLE_FOLDER_PATH)/Timer";
			};
			name = Debug;
		};
		F6CCDE172F12B46F00C28CDF /* Release */ = {
			isa = XCBuildConfiguration;
			buildSettings = {
				BUNDLE_LOADER = "$(TEST_HOST)";
				CODE_SIGN_STYLE = Automatic;
				CURRENT_PROJECT_VERSION = 1;
				DEVELOPMENT_TEAM = A49CP4XTLE;
				GENERATE_INFOPLIST_FILE = YES;
				IPHONEOS_DEPLOYMENT_TARGET = 26.0;
				MARKETING_VERSION = 1.0;
				PRODUCT_BUNDLE_IDENTIFIER = dondev.TimerTests;
				PRODUCT_NAME = "$(TARGET_NAME)";
				STRING_CATALOG_GENERATE_SYMBOLS = NO;
				SWIFT_APPROACHABLE_CONCURRENCY = YES;
				SWIFT_EMIT_LOC_STRINGS = NO;
				SWIFT_UPCOMING_FEATURE_MEMBER_IMPORT_VISIBILITY = YES;
				SWIFT_VERSION = 5.0;
				TARGETED_DEVICE_FAMILY = "1,2";
				TEST_HOST = "$(BUILT_PRODUCTS_DIR)/Timer.app/$(BUNDLE_EXECUTABLE_FOLDER_PATH)/Timer";
			};
			name = Release;
		};
		F6CCDE192F12B46F00C28CDF /* Debug */ = {
			isa = XCBuildConfiguration;
			buildSettings = {
				CODE_SIGN_STYLE = Automatic;
				CURRENT_PROJECT_VERSION = 1;
				DEVELOPMENT_TEAM = A49CP4XTLE;
				GENERATE_INFOPLIST_FILE = YES;
				MARKETING_VERSION = 1.0;
				PRODUCT_BUNDLE_IDENTIFIER = dondev.TimerUITests;
				PRODUCT_NAME = "$(TARGET_NAME)";
				STRING_CATALOG_GENERATE_SYMBOLS = NO;
				SWIFT_APPROACHABLE_CONCURRENCY = YES;
				SWIFT_EMIT_LOC_STRINGS = NO;
				SWIFT_UPCOMING_FEATURE_MEMBER_IMPORT_VISIBILITY = YES;
				SWIFT_VERSION = 5.0;
				TARGETED_DEVICE_FAMILY = "1,2";
				TEST_TARGET_NAME = Timer;
			};
			name = Debug;
		};
		F6CCDE1A2F12B46F00C28CDF /* Release */ = {
			isa = XCBuildConfiguration;
			buildSettings = {
				CODE_SIGN_STYLE = Automatic;
				CURRENT_PROJECT_VERSION = 1;
				DEVELOPMENT_TEAM = A49CP4XTLE;
				GENERATE_INFOPLIST_FILE = YES;
				MARKETING_VERSION = 1.0;
				PRODUCT_BUNDLE_IDENTIFIER = dondev.TimerUITests;
				PRODUCT_NAME = "$(TARGET_NAME)";
				STRING_CATALOG_GENERATE_SYMBOLS = NO;
				SWIFT_APPROACHABLE_CONCURRENCY = YES;
				SWIFT_EMIT_LOC_STRINGS = NO;
				SWIFT_UPCOMING_FEATURE_MEMBER_IMPORT_VISIBILITY = YES;
				SWIFT_VERSION = 5.0;
				TARGETED_DEVICE_FAMILY = "1,2";
				TEST_TARGET_NAME = Timer;
			};
			name = Release;
		};
/* End XCBuildConfiguration section */

/* Begin XCConfigurationList section */
		F6083E042F12C48100E0D3A3 /* Build configuration list for PBXNativeTarget "TimerWidgetExtensionExtension" */ = {
			isa = XCConfigurationList;
			buildConfigurations = (
				F6083E052F12C48100E0D3A3 /* Debug */,
				F6083E062F12C48100E0D3A3 /* Release */,
			);
			defaultConfigurationIsVisible = 0;
			defaultConfigurationName = Release;
		};
		F6CCDDEC2F12B46D00C28CDF /* Build configuration list for PBXProject "Timer" */ = {
			isa = XCConfigurationList;
			buildConfigurations = (
				F6CCDE102F12B46F00C28CDF /* Debug */,
				F6CCDE112F12B46F00C28CDF /* Release */,
			);
			defaultConfigurationIsVisible = 0;
			defaultConfigurationName = Release;
		};
		F6CCDE122F12B46F00C28CDF /* Build configuration list for PBXNativeTarget "Timer" */ = {
			isa = XCConfigurationList;
			buildConfigurations = (
				F6CCDE132F12B46F00C28CDF /* Debug */,
				F6CCDE142F12B46F00C28CDF /* Release */,
			);
			defaultConfigurationIsVisible = 0;
			defaultConfigurationName = Release;
		};
		F6CCDE152F12B46F00C28CDF /* Build configuration list for PBXNativeTarget "TimerTests" */ = {
			isa = XCConfigurationList;
			buildConfigurations = (
				F6CCDE162F12B46F00C28CDF /* Debug */,
				F6CCDE172F12B46F00C28CDF /* Release */,
			);
			defaultConfigurationIsVisible = 0;
			defaultConfigurationName = Release;
		};
		F6CCDE182F12B46F00C28CDF /* Build configuration list for PBXNativeTarget "TimerUITests" */ = {
			isa = XCConfigurationList;
			buildConfigurations = (
				F6CCDE192F12B46F00C28CDF /* Debug */,
				F6CCDE1A2F12B46F00C28CDF /* Release */,
			);
			defaultConfigurationIsVisible = 0;
			defaultConfigurationName = Release;
		};
/* End XCConfigurationList section */
	};
	rootObject = F6CCDDE92F12B46D00C28CDF /* Project object */;
}
